// !$*UTF8*$!
{
	archiveVersion = 1;
	classes = {
	};
	objectVersion = 51;
	objects = {

/* Begin PBXBuildFile section */
		31191193261070CC00218502 /* CoreDataPerform.swift in Sources */ = {isa = PBXBuildFile; fileRef = 31191192261070CC00218502 /* CoreDataPerform.swift */; };
		311911962610B45A00218502 /* PlayersTableView.swift in Sources */ = {isa = PBXBuildFile; fileRef = 311911952610B45A00218502 /* PlayersTableView.swift */; };
		311E7F8A2607BB8A00283E64 /* AppDelegate.swift in Sources */ = {isa = PBXBuildFile; fileRef = 311E7F892607BB8A00283E64 /* AppDelegate.swift */; };
		311E7F962607BB8C00283E64 /* Assets.xcassets in Resources */ = {isa = PBXBuildFile; fileRef = 311E7F952607BB8C00283E64 /* Assets.xcassets */; };
		311E7F992607BB8C00283E64 /* LaunchScreen.storyboard in Resources */ = {isa = PBXBuildFile; fileRef = 311E7F972607BB8C00283E64 /* LaunchScreen.storyboard */; };
		314B27632629FA7000A8FB32 /* PlayerStorage.swift in Sources */ = {isa = PBXBuildFile; fileRef = 314B27622629FA7000A8FB32 /* PlayerStorage.swift */; };
		317173A7261DFD4200928E33 /* SearchViewController.swift in Sources */ = {isa = PBXBuildFile; fileRef = 317173A6261DFD4200928E33 /* SearchViewController.swift */; };
		31C52E20260A683E00A748EB /* UIView+Extensions.swift in Sources */ = {isa = PBXBuildFile; fileRef = 31C52E1F260A683E00A748EB /* UIView+Extensions.swift */; };
		31C52E26260A684800A748EB /* CoreDataProject.xcdatamodeld in Sources */ = {isa = PBXBuildFile; fileRef = 31C52E23260A684800A748EB /* CoreDataProject.xcdatamodeld */; };
		31C52E27260A684800A748EB /* Player.swift in Sources */ = {isa = PBXBuildFile; fileRef = 31C52E25260A684800A748EB /* Player.swift */; };
		31C52E2C260A684E00A748EB /* PlayersViewController.swift in Sources */ = {isa = PBXBuildFile; fileRef = 31C52E2A260A684E00A748EB /* PlayersViewController.swift */; };
		31C52E2D260A684E00A748EB /* AddPlayerViewController.swift in Sources */ = {isa = PBXBuildFile; fileRef = 31C52E2B260A684E00A748EB /* AddPlayerViewController.swift */; };
		31C52E31260A686500A748EB /* PlayerTableViewCell.swift in Sources */ = {isa = PBXBuildFile; fileRef = 31C52E30260A686500A748EB /* PlayerTableViewCell.swift */; };
		31C52E3F260BAD9800A748EB /* Constants.swift in Sources */ = {isa = PBXBuildFile; fileRef = 31C52E3E260BAD9800A748EB /* Constants.swift */; };
		8FBF41DE261F278400EDA93A /* PickerView.swift in Sources */ = {isa = PBXBuildFile; fileRef = 8FBF41DD261F278400EDA93A /* PickerView.swift */; };
		995683B1DBE458B14CA65803 /* Pods_CoreDataProject.framework in Frameworks */ = {isa = PBXBuildFile; fileRef = 8A173F87947CBB63899B76BB /* Pods_CoreDataProject.framework */; };
/* End PBXBuildFile section */

/* Begin PBXFileReference section */
		31191192261070CC00218502 /* CoreDataPerform.swift */ = {isa = PBXFileReference; lastKnownFileType = sourcecode.swift; path = CoreDataPerform.swift; sourceTree = "<group>"; };
		311911952610B45A00218502 /* PlayersTableView.swift */ = {isa = PBXFileReference; lastKnownFileType = sourcecode.swift; path = PlayersTableView.swift; sourceTree = "<group>"; };
		311E7F862607BB8A00283E64 /* CoreDataProject.app */ = {isa = PBXFileReference; explicitFileType = wrapper.application; includeInIndex = 0; path = CoreDataProject.app; sourceTree = BUILT_PRODUCTS_DIR; };
		311E7F892607BB8A00283E64 /* AppDelegate.swift */ = {isa = PBXFileReference; lastKnownFileType = sourcecode.swift; path = AppDelegate.swift; sourceTree = "<group>"; };
		311E7F952607BB8C00283E64 /* Assets.xcassets */ = {isa = PBXFileReference; lastKnownFileType = folder.assetcatalog; path = Assets.xcassets; sourceTree = "<group>"; };
		311E7F982607BB8C00283E64 /* Base */ = {isa = PBXFileReference; lastKnownFileType = file.storyboard; name = Base; path = Base.lproj/LaunchScreen.storyboard; sourceTree = "<group>"; };
		311E7F9A2607BB8C00283E64 /* Info.plist */ = {isa = PBXFileReference; lastKnownFileType = text.plist.xml; path = Info.plist; sourceTree = "<group>"; };
		314B27622629FA7000A8FB32 /* PlayerStorage.swift */ = {isa = PBXFileReference; lastKnownFileType = sourcecode.swift; path = PlayerStorage.swift; sourceTree = "<group>"; };
		317173A6261DFD4200928E33 /* SearchViewController.swift */ = {isa = PBXFileReference; lastKnownFileType = sourcecode.swift; path = SearchViewController.swift; sourceTree = "<group>"; };
		31C52E1F260A683E00A748EB /* UIView+Extensions.swift */ = {isa = PBXFileReference; fileEncoding = 4; lastKnownFileType = sourcecode.swift; path = "UIView+Extensions.swift"; sourceTree = "<group>"; };
		31C52E24260A684800A748EB /* CoreDataProject.xcdatamodel */ = {isa = PBXFileReference; lastKnownFileType = wrapper.xcdatamodel; path = CoreDataProject.xcdatamodel; sourceTree = "<group>"; };
		31C52E25260A684800A748EB /* Player.swift */ = {isa = PBXFileReference; fileEncoding = 4; lastKnownFileType = sourcecode.swift; path = Player.swift; sourceTree = "<group>"; };
		31C52E2A260A684E00A748EB /* PlayersViewController.swift */ = {isa = PBXFileReference; fileEncoding = 4; lastKnownFileType = sourcecode.swift; path = PlayersViewController.swift; sourceTree = "<group>"; };
		31C52E2B260A684E00A748EB /* AddPlayerViewController.swift */ = {isa = PBXFileReference; fileEncoding = 4; lastKnownFileType = sourcecode.swift; path = AddPlayerViewController.swift; sourceTree = "<group>"; };
		31C52E30260A686500A748EB /* PlayerTableViewCell.swift */ = {isa = PBXFileReference; fileEncoding = 4; lastKnownFileType = sourcecode.swift; path = PlayerTableViewCell.swift; sourceTree = "<group>"; };
		31C52E3E260BAD9800A748EB /* Constants.swift */ = {isa = PBXFileReference; lastKnownFileType = sourcecode.swift; path = Constants.swift; sourceTree = "<group>"; };
		8A173F87947CBB63899B76BB /* Pods_CoreDataProject.framework */ = {isa = PBXFileReference; explicitFileType = wrapper.framework; includeInIndex = 0; path = Pods_CoreDataProject.framework; sourceTree = BUILT_PRODUCTS_DIR; };
		8FBF41DD261F278400EDA93A /* PickerView.swift */ = {isa = PBXFileReference; lastKnownFileType = sourcecode.swift; path = PickerView.swift; sourceTree = "<group>"; };
		9370F4D20CFE5DCB51AD0340 /* Pods-CoreDataProject.debug.xcconfig */ = {isa = PBXFileReference; includeInIndex = 1; lastKnownFileType = text.xcconfig; name = "Pods-CoreDataProject.debug.xcconfig"; path = "Target Support Files/Pods-CoreDataProject/Pods-CoreDataProject.debug.xcconfig"; sourceTree = "<group>"; };
		F8C407C338B75E7FF0E29DE4 /* Pods-CoreDataProject.release.xcconfig */ = {isa = PBXFileReference; includeInIndex = 1; lastKnownFileType = text.xcconfig; name = "Pods-CoreDataProject.release.xcconfig"; path = "Target Support Files/Pods-CoreDataProject/Pods-CoreDataProject.release.xcconfig"; sourceTree = "<group>"; };
/* End PBXFileReference section */

/* Begin PBXFrameworksBuildPhase section */
		311E7F832607BB8A00283E64 /* Frameworks */ = {
			isa = PBXFrameworksBuildPhase;
			buildActionMask = 2147483647;
			files = (
				995683B1DBE458B14CA65803 /* Pods_CoreDataProject.framework in Frameworks */,
			);
			runOnlyForDeploymentPostprocessing = 0;
		};
/* End PBXFrameworksBuildPhase section */

/* Begin PBXGroup section */
		311E7F7D2607BB8A00283E64 = {
			isa = PBXGroup;
			children = (
				311E7F882607BB8A00283E64 /* CoreDataProject */,
				311E7F872607BB8A00283E64 /* Products */,
				DD83FD423594ED199726183D /* Pods */,
				9307CD53F459271CBB4A0F40 /* Frameworks */,
			);
			sourceTree = "<group>";
		};
		311E7F872607BB8A00283E64 /* Products */ = {
			isa = PBXGroup;
			children = (
				311E7F862607BB8A00283E64 /* CoreDataProject.app */,
			);
			name = Products;
			sourceTree = "<group>";
		};
		311E7F882607BB8A00283E64 /* CoreDataProject */ = {
			isa = PBXGroup;
			children = (
				314A61FF260F8AC5003B9F56 /* Sources */,
				314A61FB260F8A8C003B9F56 /* Resources */,
			);
			path = CoreDataProject;
			sourceTree = "<group>";
		};
		3146C00A260F9E8400D87E39 /* Common */ = {
			isa = PBXGroup;
			children = (
				3146C00B260F9EDF00D87E39 /* Extensions */,
				31C52E3E260BAD9800A748EB /* Constants.swift */,
			);
			path = Common;
			sourceTree = "<group>";
		};
		3146C00B260F9EDF00D87E39 /* Extensions */ = {
			isa = PBXGroup;
			children = (
				31C52E1F260A683E00A748EB /* UIView+Extensions.swift */,
			);
			path = Extensions;
			sourceTree = "<group>";
		};
		3146C00C260F9FAE00D87E39 /* CoreDataFiles */ = {
			isa = PBXGroup;
			children = (
				31191192261070CC00218502 /* CoreDataPerform.swift */,
				314B27622629FA7000A8FB32 /* PlayerStorage.swift */,
			);
			path = CoreDataFiles;
			sourceTree = "<group>";
		};
		314A61FB260F8A8C003B9F56 /* Resources */ = {
			isa = PBXGroup;
			children = (
				31C52E22260A684800A748EB /* Model */,
				314A61FE260F8AB2003B9F56 /* Storyboards */,
				314A61FC260F8AA0003B9F56 /* Configs */,
				311E7F952607BB8C00283E64 /* Assets.xcassets */,
			);
			path = Resources;
			sourceTree = "<group>";
		};
		314A61FC260F8AA0003B9F56 /* Configs */ = {
			isa = PBXGroup;
			children = (
				311E7F9A2607BB8C00283E64 /* Info.plist */,
			);
			path = Configs;
			sourceTree = "<group>";
		};
		314A61FE260F8AB2003B9F56 /* Storyboards */ = {
			isa = PBXGroup;
			children = (
				311E7F972607BB8C00283E64 /* LaunchScreen.storyboard */,
			);
			path = Storyboards;
			sourceTree = "<group>";
		};
		314A61FF260F8AC5003B9F56 /* Sources */ = {
			isa = PBXGroup;
			children = (
				3146C00C260F9FAE00D87E39 /* CoreDataFiles */,
				3146C00A260F9E8400D87E39 /* Common */,
				314A6201260F8B94003B9F56 /* Scenes */,
				314A6200260F8B48003B9F56 /* App */,
			);
			path = Sources;
			sourceTree = "<group>";
		};
		314A6200260F8B48003B9F56 /* App */ = {
			isa = PBXGroup;
			children = (
				311E7F892607BB8A00283E64 /* AppDelegate.swift */,
			);
			path = App;
			sourceTree = "<group>";
		};
		314A6201260F8B94003B9F56 /* Scenes */ = {
			isa = PBXGroup;
			children = (
				31C52E2F260A686500A748EB /* Views */,
				31C52E29260A684E00A748EB /* ViewControllers */,
			);
			path = Scenes;
			sourceTree = "<group>";
		};
		31C52E22260A684800A748EB /* Model */ = {
			isa = PBXGroup;
			children = (
				31C52E23260A684800A748EB /* CoreDataProject.xcdatamodeld */,
				31C52E25260A684800A748EB /* Player.swift */,
			);
			path = Model;
			sourceTree = "<group>";
		};
		31C52E29260A684E00A748EB /* ViewControllers */ = {
			isa = PBXGroup;
			children = (
				31C52E2A260A684E00A748EB /* PlayersViewController.swift */,
				31C52E2B260A684E00A748EB /* AddPlayerViewController.swift */,
				317173A6261DFD4200928E33 /* SearchViewController.swift */,
			);
			name = ViewControllers;
			path = CoreDataProject/Sources/Scenes/ViewControllers;
			sourceTree = SOURCE_ROOT;
		};
		31C52E2F260A686500A748EB /* Views */ = {
			isa = PBXGroup;
			children = (
				31C52E30260A686500A748EB /* PlayerTableViewCell.swift */,
				311911952610B45A00218502 /* PlayersTableView.swift */,
				8FBF41DD261F278400EDA93A /* PickerView.swift */,
			);
			path = Views;
			sourceTree = "<group>";
		};
		9307CD53F459271CBB4A0F40 /* Frameworks */ = {
			isa = PBXGroup;
			children = (
				8A173F87947CBB63899B76BB /* Pods_CoreDataProject.framework */,
			);
			name = Frameworks;
			sourceTree = "<group>";
		};
		DD83FD423594ED199726183D /* Pods */ = {
			isa = PBXGroup;
			children = (
				9370F4D20CFE5DCB51AD0340 /* Pods-CoreDataProject.debug.xcconfig */,
				F8C407C338B75E7FF0E29DE4 /* Pods-CoreDataProject.release.xcconfig */,
			);
			path = Pods;
			sourceTree = "<group>";
		};
/* End PBXGroup section */

/* Begin PBXNativeTarget section */
		311E7F852607BB8A00283E64 /* CoreDataProject */ = {
			isa = PBXNativeTarget;
			buildConfigurationList = 311E7F9D2607BB8C00283E64 /* Build configuration list for PBXNativeTarget "CoreDataProject" */;
			buildPhases = (
				109DE434115F378CE3F4FB55 /* [CP] Check Pods Manifest.lock */,
				311E7F822607BB8A00283E64 /* Sources */,
				311E7F832607BB8A00283E64 /* Frameworks */,
				311E7F842607BB8A00283E64 /* Resources */,
				20E762E660F4AFA9D7C8681A /* [CP] Embed Pods Frameworks */,
			);
			buildRules = (
			);
			dependencies = (
			);
			name = CoreDataProject;
			productName = CoreDataProject;
			productReference = 311E7F862607BB8A00283E64 /* CoreDataProject.app */;
			productType = "com.apple.product-type.application";
		};
/* End PBXNativeTarget section */

/* Begin PBXProject section */
		311E7F7E2607BB8A00283E64 /* Project object */ = {
			isa = PBXProject;
			attributes = {
				LastSwiftUpdateCheck = 1240;
				LastUpgradeCheck = 1240;
				TargetAttributes = {
					311E7F852607BB8A00283E64 = {
						CreatedOnToolsVersion = 12.4;
					};
				};
			};
			buildConfigurationList = 311E7F812607BB8A00283E64 /* Build configuration list for PBXProject "CoreDataProject" */;
			compatibilityVersion = "Xcode 9.3";
			developmentRegion = en;
			hasScannedForEncodings = 0;
			knownRegions = (
				en,
				Base,
			);
			mainGroup = 311E7F7D2607BB8A00283E64;
			productRefGroup = 311E7F872607BB8A00283E64 /* Products */;
			projectDirPath = "";
			projectRoot = "";
			targets = (
				311E7F852607BB8A00283E64 /* CoreDataProject */,
			);
		};
/* End PBXProject section */

/* Begin PBXResourcesBuildPhase section */
		311E7F842607BB8A00283E64 /* Resources */ = {
			isa = PBXResourcesBuildPhase;
			buildActionMask = 2147483647;
			files = (
				311E7F992607BB8C00283E64 /* LaunchScreen.storyboard in Resources */,
				311E7F962607BB8C00283E64 /* Assets.xcassets in Resources */,
			);
			runOnlyForDeploymentPostprocessing = 0;
		};
/* End PBXResourcesBuildPhase section */

/* Begin PBXShellScriptBuildPhase section */
		109DE434115F378CE3F4FB55 /* [CP] Check Pods Manifest.lock */ = {
			isa = PBXShellScriptBuildPhase;
			buildActionMask = 2147483647;
			files = (
			);
			inputFileListPaths = (
			);
			inputPaths = (
				"${PODS_PODFILE_DIR_PATH}/Podfile.lock",
				"${PODS_ROOT}/Manifest.lock",
			);
			name = "[CP] Check Pods Manifest.lock";
			outputFileListPaths = (
			);
			outputPaths = (
				"$(DERIVED_FILE_DIR)/Pods-CoreDataProject-checkManifestLockResult.txt",
			);
			runOnlyForDeploymentPostprocessing = 0;
			shellPath = /bin/sh;
			shellScript = "diff \"${PODS_PODFILE_DIR_PATH}/Podfile.lock\" \"${PODS_ROOT}/Manifest.lock\" > /dev/null\nif [ $? != 0 ] ; then\n    # print error to STDERR\n    echo \"error: The sandbox is not in sync with the Podfile.lock. Run 'pod install' or update your CocoaPods installation.\" >&2\n    exit 1\nfi\n# This output is used by Xcode 'outputs' to avoid re-running this script phase.\necho \"SUCCESS\" > \"${SCRIPT_OUTPUT_FILE_0}\"\n";
			showEnvVarsInLog = 0;
		};
		20E762E660F4AFA9D7C8681A /* [CP] Embed Pods Frameworks */ = {
			isa = PBXShellScriptBuildPhase;
			buildActionMask = 2147483647;
			files = (
			);
			inputFileListPaths = (
				"${PODS_ROOT}/Target Support Files/Pods-CoreDataProject/Pods-CoreDataProject-frameworks-${CONFIGURATION}-input-files.xcfilelist",
			);
			name = "[CP] Embed Pods Frameworks";
			outputFileListPaths = (
				"${PODS_ROOT}/Target Support Files/Pods-CoreDataProject/Pods-CoreDataProject-frameworks-${CONFIGURATION}-output-files.xcfilelist",
			);
			runOnlyForDeploymentPostprocessing = 0;
			shellPath = /bin/sh;
			shellScript = "\"${PODS_ROOT}/Target Support Files/Pods-CoreDataProject/Pods-CoreDataProject-frameworks.sh\"\n";
			showEnvVarsInLog = 0;
		};
/* End PBXShellScriptBuildPhase section */

/* Begin PBXSourcesBuildPhase section */
		311E7F822607BB8A00283E64 /* Sources */ = {
			isa = PBXSourcesBuildPhase;
			buildActionMask = 2147483647;
			files = (
				311E7F8A2607BB8A00283E64 /* AppDelegate.swift in Sources */,
				317173A7261DFD4200928E33 /* SearchViewController.swift in Sources */,
				31C52E31260A686500A748EB /* PlayerTableViewCell.swift in Sources */,
				314B27632629FA7000A8FB32 /* PlayerStorage.swift in Sources */,
				311911962610B45A00218502 /* PlayersTableView.swift in Sources */,
				31C52E26260A684800A748EB /* CoreDataProject.xcdatamodeld in Sources */,
				31C52E20260A683E00A748EB /* UIView+Extensions.swift in Sources */,
				8FBF41DE261F278400EDA93A /* PickerView.swift in Sources */,
				31C52E27260A684800A748EB /* Player.swift in Sources */,
				31C52E2D260A684E00A748EB /* AddPlayerViewController.swift in Sources */,
				31C52E2C260A684E00A748EB /* PlayersViewController.swift in Sources */,
				31C52E3F260BAD9800A748EB /* Constants.swift in Sources */,
				31191193261070CC00218502 /* CoreDataPerform.swift in Sources */,
			);
			runOnlyForDeploymentPostprocessing = 0;
		};
/* End PBXSourcesBuildPhase section */

/* Begin PBXVariantGroup section */
		311E7F972607BB8C00283E64 /* LaunchScreen.storyboard */ = {
			isa = PBXVariantGroup;
			children = (
				311E7F982607BB8C00283E64 /* Base */,
			);
			name = LaunchScreen.storyboard;
			sourceTree = "<group>";
		};
/* End PBXVariantGroup section */

/* Begin XCBuildConfiguration section */
		311E7F9B2607BB8C00283E64 /* Debug */ = {
			isa = XCBuildConfiguration;
			buildSettings = {
				ALWAYS_SEARCH_USER_PATHS = NO;
				CLANG_ANALYZER_NONNULL = YES;
				CLANG_ANALYZER_NUMBER_OBJECT_CONVERSION = YES_AGGRESSIVE;
				CLANG_CXX_LANGUAGE_STANDARD = "gnu++14";
				CLANG_CXX_LIBRARY = "libc++";
				CLANG_ENABLE_MODULES = YES;
				CLANG_ENABLE_OBJC_ARC = YES;
				CLANG_ENABLE_OBJC_WEAK = YES;
				CLANG_WARN_BLOCK_CAPTURE_AUTORELEASING = YES;
				CLANG_WARN_BOOL_CONVERSION = YES;
				CLANG_WARN_COMMA = YES;
				CLANG_WARN_CONSTANT_CONVERSION = YES;
				CLANG_WARN_DEPRECATED_OBJC_IMPLEMENTATIONS = YES;
				CLANG_WARN_DIRECT_OBJC_ISA_USAGE = YES_ERROR;
				CLANG_WARN_DOCUMENTATION_COMMENTS = YES;
				CLANG_WARN_EMPTY_BODY = YES;
				CLANG_WARN_ENUM_CONVERSION = YES;
				CLANG_WARN_INFINITE_RECURSION = YES;
				CLANG_WARN_INT_CONVERSION = YES;
				CLANG_WARN_NON_LITERAL_NULL_CONVERSION = YES;
				CLANG_WARN_OBJC_IMPLICIT_RETAIN_SELF = YES;
				CLANG_WARN_OBJC_LITERAL_CONVERSION = YES;
				CLANG_WARN_OBJC_ROOT_CLASS = YES_ERROR;
				CLANG_WARN_QUOTED_INCLUDE_IN_FRAMEWORK_HEADER = YES;
				CLANG_WARN_RANGE_LOOP_ANALYSIS = YES;
				CLANG_WARN_STRICT_PROTOTYPES = YES;
				CLANG_WARN_SUSPICIOUS_MOVE = YES;
				CLANG_WARN_UNGUARDED_AVAILABILITY = YES_AGGRESSIVE;
				CLANG_WARN_UNREACHABLE_CODE = YES;
				CLANG_WARN__DUPLICATE_METHOD_MATCH = YES;
				COPY_PHASE_STRIP = NO;
				DEBUG_INFORMATION_FORMAT = dwarf;
				ENABLE_STRICT_OBJC_MSGSEND = YES;
				ENABLE_TESTABILITY = YES;
				GCC_C_LANGUAGE_STANDARD = gnu11;
				GCC_DYNAMIC_NO_PIC = NO;
				GCC_NO_COMMON_BLOCKS = YES;
				GCC_OPTIMIZATION_LEVEL = 0;
				GCC_PREPROCESSOR_DEFINITIONS = (
					"DEBUG=1",
					"$(inherited)",
				);
				GCC_WARN_64_TO_32_BIT_CONVERSION = YES;
				GCC_WARN_ABOUT_RETURN_TYPE = YES_ERROR;
				GCC_WARN_UNDECLARED_SELECTOR = YES;
				GCC_WARN_UNINITIALIZED_AUTOS = YES_AGGRESSIVE;
				GCC_WARN_UNUSED_FUNCTION = YES;
				GCC_WARN_UNUSED_VARIABLE = YES;
				IPHONEOS_DEPLOYMENT_TARGET = 14.4;
				MTL_ENABLE_DEBUG_INFO = INCLUDE_SOURCE;
				MTL_FAST_MATH = YES;
				ONLY_ACTIVE_ARCH = YES;
				SDKROOT = iphoneos;
				SWIFT_ACTIVE_COMPILATION_CONDITIONS = DEBUG;
				SWIFT_OPTIMIZATION_LEVEL = "-Onone";
			};
			name = Debug;
		};
		311E7F9C2607BB8C00283E64 /* Release */ = {
			isa = XCBuildConfiguration;
			buildSettings = {
				ALWAYS_SEARCH_USER_PATHS = NO;
				CLANG_ANALYZER_NONNULL = YES;
				CLANG_ANALYZER_NUMBER_OBJECT_CONVERSION = YES_AGGRESSIVE;
				CLANG_CXX_LANGUAGE_STANDARD = "gnu++14";
				CLANG_CXX_LIBRARY = "libc++";
				CLANG_ENABLE_MODULES = YES;
				CLANG_ENABLE_OBJC_ARC = YES;
				CLANG_ENABLE_OBJC_WEAK = YES;
				CLANG_WARN_BLOCK_CAPTURE_AUTORELEASING = YES;
				CLANG_WARN_BOOL_CONVERSION = YES;
				CLANG_WARN_COMMA = YES;
				CLANG_WARN_CONSTANT_CONVERSION = YES;
				CLANG_WARN_DEPRECATED_OBJC_IMPLEMENTATIONS = YES;
				CLANG_WARN_DIRECT_OBJC_ISA_USAGE = YES_ERROR;
				CLANG_WARN_DOCUMENTATION_COMMENTS = YES;
				CLANG_WARN_EMPTY_BODY = YES;
				CLANG_WARN_ENUM_CONVERSION = YES;
				CLANG_WARN_INFINITE_RECURSION = YES;
				CLANG_WARN_INT_CONVERSION = YES;
				CLANG_WARN_NON_LITERAL_NULL_CONVERSION = YES;
				CLANG_WARN_OBJC_IMPLICIT_RETAIN_SELF = YES;
				CLANG_WARN_OBJC_LITERAL_CONVERSION = YES;
				CLANG_WARN_OBJC_ROOT_CLASS = YES_ERROR;
				CLANG_WARN_QUOTED_INCLUDE_IN_FRAMEWORK_HEADER = YES;
				CLANG_WARN_RANGE_LOOP_ANALYSIS = YES;
				CLANG_WARN_STRICT_PROTOTYPES = YES;
				CLANG_WARN_SUSPICIOUS_MOVE = YES;
				CLANG_WARN_UNGUARDED_AVAILABILITY = YES_AGGRESSIVE;
				CLANG_WARN_UNREACHABLE_CODE = YES;
				CLANG_WARN__DUPLICATE_METHOD_MATCH = YES;
				COPY_PHASE_STRIP = NO;
				DEBUG_INFORMATION_FORMAT = "dwarf-with-dsym";
				ENABLE_NS_ASSERTIONS = NO;
				ENABLE_STRICT_OBJC_MSGSEND = YES;
				GCC_C_LANGUAGE_STANDARD = gnu11;
				GCC_NO_COMMON_BLOCKS = YES;
				GCC_WARN_64_TO_32_BIT_CONVERSION = YES;
				GCC_WARN_ABOUT_RETURN_TYPE = YES_ERROR;
				GCC_WARN_UNDECLARED_SELECTOR = YES;
				GCC_WARN_UNINITIALIZED_AUTOS = YES_AGGRESSIVE;
				GCC_WARN_UNUSED_FUNCTION = YES;
				GCC_WARN_UNUSED_VARIABLE = YES;
				IPHONEOS_DEPLOYMENT_TARGET = 14.4;
				MTL_ENABLE_DEBUG_INFO = NO;
				MTL_FAST_MATH = YES;
				SDKROOT = iphoneos;
				SWIFT_COMPILATION_MODE = wholemodule;
				SWIFT_OPTIMIZATION_LEVEL = "-O";
				VALIDATE_PRODUCT = YES;
			};
			name = Release;
		};
		311E7F9E2607BB8C00283E64 /* Debug */ = {
			isa = XCBuildConfiguration;
			baseConfigurationReference = 9370F4D20CFE5DCB51AD0340 /* Pods-CoreDataProject.debug.xcconfig */;
			buildSettings = {
				ASSETCATALOG_COMPILER_APPICON_NAME = AppIcon;
				ASSETCATALOG_COMPILER_GLOBAL_ACCENT_COLOR_NAME = AccentColor;
				CODE_SIGN_STYLE = Automatic;
				DEVELOPMENT_TEAM = LH4VV96A9U;
				INFOPLIST_FILE = CoreDataProject/Resources/Configs/Info.plist;
				IPHONEOS_DEPLOYMENT_TARGET = 13.0;
				LD_RUNPATH_SEARCH_PATHS = (
					"$(inherited)",
					"@executable_path/Frameworks",
				);
				PRODUCT_BUNDLE_IDENTIFIER = usonicchantrerelle.CoreDataProject;
				PRODUCT_NAME = "$(TARGET_NAME)";
				SWIFT_VERSION = 5.0;
				TARGETED_DEVICE_FAMILY = 1;
			};
			name = Debug;
		};
		311E7F9F2607BB8C00283E64 /* Release */ = {
			isa = XCBuildConfiguration;
			baseConfigurationReference = F8C407C338B75E7FF0E29DE4 /* Pods-CoreDataProject.release.xcconfig */;
			buildSettings = {
				ASSETCATALOG_COMPILER_APPICON_NAME = AppIcon;
				ASSETCATALOG_COMPILER_GLOBAL_ACCENT_COLOR_NAME = AccentColor;
				CODE_SIGN_STYLE = Automatic;
				DEVELOPMENT_TEAM = LH4VV96A9U;
				INFOPLIST_FILE = CoreDataProject/Resources/Configs/Info.plist;
				IPHONEOS_DEPLOYMENT_TARGET = 13.0;
				LD_RUNPATH_SEARCH_PATHS = (
					"$(inherited)",
					"@executable_path/Frameworks",
				);
				PRODUCT_BUNDLE_IDENTIFIER = usonicchantrerelle.CoreDataProject;
				PRODUCT_NAME = "$(TARGET_NAME)";
				SWIFT_VERSION = 5.0;
				TARGETED_DEVICE_FAMILY = 1;
			};
			name = Release;
		};
/* End XCBuildConfiguration section */

/* Begin XCConfigurationList section */
		311E7F812607BB8A00283E64 /* Build configuration list for PBXProject "CoreDataProject" */ = {
			isa = XCConfigurationList;
			buildConfigurations = (
				311E7F9B2607BB8C00283E64 /* Debug */,
				311E7F9C2607BB8C00283E64 /* Release */,
			);
			defaultConfigurationIsVisible = 0;
			defaultConfigurationName = Release;
		};
		311E7F9D2607BB8C00283E64 /* Build configuration list for PBXNativeTarget "CoreDataProject" */ = {
			isa = XCConfigurationList;
			buildConfigurations = (
				311E7F9E2607BB8C00283E64 /* Debug */,
				311E7F9F2607BB8C00283E64 /* Release */,
			);
			defaultConfigurationIsVisible = 0;
			defaultConfigurationName = Release;
		};
/* End XCConfigurationList section */

/* Begin XCVersionGroup section */
		31C52E23260A684800A748EB /* CoreDataProject.xcdatamodeld */ = {
			isa = XCVersionGroup;
			children = (
				31C52E24260A684800A748EB /* CoreDataProject.xcdatamodel */,
			);
			currentVersion = 31C52E24260A684800A748EB /* CoreDataProject.xcdatamodel */;
			path = CoreDataProject.xcdatamodeld;
			sourceTree = "<group>";
			versionGroupType = wrapper.xcdatamodel;
		};
/* End XCVersionGroup section */
	};
	rootObject = 311E7F7E2607BB8A00283E64 /* Project object */;
}
